
Microsoft Visual Studio Solution File, Format Version 12.00
# Visual Studio Version 16
VisualStudioVersion = 16.0.30523.141
MinimumVisualStudioVersion = 10.0.40219.1
Project("{9A19103F-16F7-4668-BE54-9A1E7A4F7556}") = "RunReport", "RunReport.csproj", "{44129FBD-102B-4659-AB05-AFB80C824F34}"
EndProject
Global
	GlobalSection(SolutionConfigurationPlatforms) = preSolution
		Debug|Any CPU = Debug|Any CPU
		Release|Any CPU = Release|Any CPU
	EndGlobalSection
	GlobalSection(ProjectConfigurationPlatforms) = postSolution
		{44129FBD-102B-4659-AB05-AFB80C824F34}.Debug|Any CPU.ActiveCfg = Debug|Any CPU
		{44129FBD-102B-4659-AB05-AFB80C824F34}.Debug|Any CPU.Build.0 = Debug|Any CPU
		{44129FBD-102B-4659-AB05-AFB80C824F34}.Release|Any CPU.ActiveCfg = Release|Any CPU
		{44129FBD-102B-4659-AB05-AFB80C824F34}.Release|Any CPU.Build.0 = Release|Any CPU
	EndGlobalSection
	GlobalSection(SolutionProperties) = preSolution
		HideSolutionNode = FALSE
	EndGlobalSection
	GlobalSection(ExtensibilityGlobals) = postSolution
		SolutionGuid = {029A3C29-6F82-4733-9445-81A4760689D0}
	EndGlobalSection
EndGlobal
